
Microsoft Visual Studio Solution File, Format Version 12.00
# Visual Studio 15
VisualStudioVersion = 15.0.26124.0
MinimumVisualStudioVersion = 15.0.26124.0
Project("{FAE04EC0-301F-11D3-BF4B-00C04F79EFBC}") = "app", "app\app.csproj", "{867D418D-07A1-4CAD-A8A3-8172B51AA571}"
EndProject
Global
	GlobalSection(SolutionConfigurationPlatforms) = preSolution
		Debug|Any CPU = Debug|Any CPU
		Release|Any CPU = Release|Any CPU
	EndGlobalSection
	GlobalSection(SolutionProperties) = preSolution
		HideSolutionNode = FALSE
	EndGlobalSection
	GlobalSection(ProjectConfigurationPlatforms) = postSolution
		{867D418D-07A1-4CAD-A8A3-8172B51AA571}.Debug|Any CPU.ActiveCfg = Debug|Any CPU
		{867D418D-07A1-4CAD-A8A3-8172B51AA571}.Debug|Any CPU.Build.0 = Debug|Any CPU
		{867D418D-07A1-4CAD-A8A3-8172B51AA571}.Release|Any CPU.ActiveCfg = Release|Any CPU
		{867D418D-07A1-4CAD-A8A3-8172B51AA571}.Release|Any CPU.Build.0 = Release|Any CPU
	EndGlobalSection
EndGlobal
